// !$*UTF8*$!
{
	archiveVersion = 1;
	classes = {
	};
	objectVersion = 50;
	objects = {

/* Begin PBXBuildFile section */
		230BCB3523943A9800911403 /* AppDelegate.swift in Sources */ = {isa = PBXBuildFile; fileRef = 230BCB3423943A9800911403 /* AppDelegate.swift */; };
		230BCB3723943A9800911403 /* CurrentViewController.swift in Sources */ = {isa = PBXBuildFile; fileRef = 230BCB3623943A9800911403 /* CurrentViewController.swift */; };
		230BCB3923943A9E00911403 /* Assets.xcassets in Resources */ = {isa = PBXBuildFile; fileRef = 230BCB3823943A9E00911403 /* Assets.xcassets */; };
		230BCB3C23943A9E00911403 /* Main.storyboard in Resources */ = {isa = PBXBuildFile; fileRef = 230BCB3A23943A9E00911403 /* Main.storyboard */; };
		2313C59423BF7E4D005BDACA /* DarkSkyError.swift in Sources */ = {isa = PBXBuildFile; fileRef = 2313C59323BF7E4D005BDACA /* DarkSkyError.swift */; };
		232C9AA723960C8D00AF2E55 /* DarkSkyClient.swift in Sources */ = {isa = PBXBuildFile; fileRef = 232C9AA623960C8D00AF2E55 /* DarkSkyClient.swift */; };
		232C9AAB2396B14300AF2E55 /* Location.swift in Sources */ = {isa = PBXBuildFile; fileRef = 232C9AAA2396B14300AF2E55 /* Location.swift */; };
		23A69DC82395B79C001B80B7 /* WeatherData.swift in Sources */ = {isa = PBXBuildFile; fileRef = 23A69DC72395B79C001B80B7 /* WeatherData.swift */; };
		23A69DCA2395B930001B80B7 /* CurrentWeatherViewModel.swift in Sources */ = {isa = PBXBuildFile; fileRef = 23A69DC92395B930001B80B7 /* CurrentWeatherViewModel.swift */; };
		23AD6B9323C37274000A6813 /* Weather.swift in Sources */ = {isa = PBXBuildFile; fileRef = 23AD6B9223C37274000A6813 /* Weather.swift */; };
		23E7871723CF80CB00D59620 /* TabViewController.swift in Sources */ = {isa = PBXBuildFile; fileRef = 23E7871623CF80CB00D59620 /* TabViewController.swift */; };
		23E7871923CF80DC00D59620 /* ForecastViewController.swift in Sources */ = {isa = PBXBuildFile; fileRef = 23E7871823CF80DC00D59620 /* ForecastViewController.swift */; };
		23E7871B23CF80E300D59620 /* SettingsViewController.swift in Sources */ = {isa = PBXBuildFile; fileRef = 23E7871A23CF80E300D59620 /* SettingsViewController.swift */; };
/* End PBXBuildFile section */

/* Begin PBXFileReference section */
		230BCB3123943A9800911403 /* WeatherBar.app */ = {isa = PBXFileReference; explicitFileType = wrapper.application; includeInIndex = 0; path = WeatherBar.app; sourceTree = BUILT_PRODUCTS_DIR; };
		230BCB3423943A9800911403 /* AppDelegate.swift */ = {isa = PBXFileReference; lastKnownFileType = sourcecode.swift; path = AppDelegate.swift; sourceTree = "<group>"; };
		230BCB3623943A9800911403 /* CurrentViewController.swift */ = {isa = PBXFileReference; lastKnownFileType = sourcecode.swift; path = CurrentViewController.swift; sourceTree = "<group>"; };
		230BCB3823943A9E00911403 /* Assets.xcassets */ = {isa = PBXFileReference; lastKnownFileType = folder.assetcatalog; path = Assets.xcassets; sourceTree = "<group>"; };
		230BCB3B23943A9E00911403 /* Base */ = {isa = PBXFileReference; lastKnownFileType = file.storyboard; name = Base; path = Base.lproj/Main.storyboard; sourceTree = "<group>"; };
		230BCB3D23943A9E00911403 /* Info.plist */ = {isa = PBXFileReference; lastKnownFileType = text.plist.xml; path = Info.plist; sourceTree = "<group>"; };
		230BCB3E23943A9E00911403 /* WeatherBar.entitlements */ = {isa = PBXFileReference; lastKnownFileType = text.plist.entitlements; path = WeatherBar.entitlements; sourceTree = "<group>"; };
		2313C59323BF7E4D005BDACA /* DarkSkyError.swift */ = {isa = PBXFileReference; lastKnownFileType = sourcecode.swift; path = DarkSkyError.swift; sourceTree = "<group>"; };
		232C9AA623960C8D00AF2E55 /* DarkSkyClient.swift */ = {isa = PBXFileReference; lastKnownFileType = sourcecode.swift; path = DarkSkyClient.swift; sourceTree = "<group>"; };
		232C9AAA2396B14300AF2E55 /* Location.swift */ = {isa = PBXFileReference; lastKnownFileType = sourcecode.swift; path = Location.swift; sourceTree = "<group>"; };
		23A69DC72395B79C001B80B7 /* WeatherData.swift */ = {isa = PBXFileReference; lastKnownFileType = sourcecode.swift; path = WeatherData.swift; sourceTree = "<group>"; };
		23A69DC92395B930001B80B7 /* CurrentWeatherViewModel.swift */ = {isa = PBXFileReference; lastKnownFileType = sourcecode.swift; path = CurrentWeatherViewModel.swift; sourceTree = "<group>"; };
		23AD6B9223C37274000A6813 /* Weather.swift */ = {isa = PBXFileReference; fileEncoding = 4; lastKnownFileType = sourcecode.swift; path = Weather.swift; sourceTree = "<group>"; };
		23E7871623CF80CB00D59620 /* TabViewController.swift */ = {isa = PBXFileReference; lastKnownFileType = sourcecode.swift; path = TabViewController.swift; sourceTree = "<group>"; };
		23E7871823CF80DC00D59620 /* ForecastViewController.swift */ = {isa = PBXFileReference; lastKnownFileType = sourcecode.swift; path = ForecastViewController.swift; sourceTree = "<group>"; };
		23E7871A23CF80E300D59620 /* SettingsViewController.swift */ = {isa = PBXFileReference; lastKnownFileType = sourcecode.swift; path = SettingsViewController.swift; sourceTree = "<group>"; };
/* End PBXFileReference section */

/* Begin PBXFrameworksBuildPhase section */
		230BCB2E23943A9800911403 /* Frameworks */ = {
			isa = PBXFrameworksBuildPhase;
			buildActionMask = 2147483647;
			files = (
			);
			runOnlyForDeploymentPostprocessing = 0;
		};
/* End PBXFrameworksBuildPhase section */

/* Begin PBXGroup section */
		230BCB2823943A9800911403 = {
			isa = PBXGroup;
			children = (
				230BCB3323943A9800911403 /* WeatherBar */,
				230BCB3223943A9800911403 /* Products */,
			);
			sourceTree = "<group>";
		};
		230BCB3223943A9800911403 /* Products */ = {
			isa = PBXGroup;
			children = (
				230BCB3123943A9800911403 /* WeatherBar.app */,
			);
			name = Products;
			sourceTree = "<group>";
		};
		230BCB3323943A9800911403 /* WeatherBar */ = {
			isa = PBXGroup;
			children = (
				230BCB3423943A9800911403 /* AppDelegate.swift */,
				23E7871623CF80CB00D59620 /* TabViewController.swift */,
				230BCB3623943A9800911403 /* CurrentViewController.swift */,
				23E7871823CF80DC00D59620 /* ForecastViewController.swift */,
				23E7871A23CF80E300D59620 /* SettingsViewController.swift */,
				232C9AA623960C8D00AF2E55 /* DarkSkyClient.swift */,
				232C9AAA2396B14300AF2E55 /* Location.swift */,
				23A69DC72395B79C001B80B7 /* WeatherData.swift */,
				23AD6B9223C37274000A6813 /* Weather.swift */,
				23A69DC92395B930001B80B7 /* CurrentWeatherViewModel.swift */,
				2313C59323BF7E4D005BDACA /* DarkSkyError.swift */,
				230BCB3823943A9E00911403 /* Assets.xcassets */,
				230BCB3A23943A9E00911403 /* Main.storyboard */,
				230BCB3D23943A9E00911403 /* Info.plist */,
				230BCB3E23943A9E00911403 /* WeatherBar.entitlements */,
			);
			path = WeatherBar;
			sourceTree = "<group>";
		};
/* End PBXGroup section */

/* Begin PBXNativeTarget section */
		230BCB3023943A9800911403 /* WeatherBar */ = {
			isa = PBXNativeTarget;
			buildConfigurationList = 230BCB4123943A9E00911403 /* Build configuration list for PBXNativeTarget "WeatherBar" */;
			buildPhases = (
				230BCB2D23943A9800911403 /* Sources */,
				230BCB2E23943A9800911403 /* Frameworks */,
				230BCB2F23943A9800911403 /* Resources */,
			);
			buildRules = (
			);
			dependencies = (
			);
			name = WeatherBar;
			productName = WeatherBar;
			productReference = 230BCB3123943A9800911403 /* WeatherBar.app */;
			productType = "com.apple.product-type.application";
		};
/* End PBXNativeTarget section */

/* Begin PBXProject section */
		230BCB2923943A9800911403 /* Project object */ = {
			isa = PBXProject;
			attributes = {
				LastSwiftUpdateCheck = 1120;
				LastUpgradeCheck = 1130;
				ORGANIZATIONNAME = "Scott Lougheed";
				TargetAttributes = {
					230BCB3023943A9800911403 = {
						CreatedOnToolsVersion = 11.2.1;
					};
				};
			};
			buildConfigurationList = 230BCB2C23943A9800911403 /* Build configuration list for PBXProject "WeatherBar" */;
			compatibilityVersion = "Xcode 9.3";
			developmentRegion = en;
			hasScannedForEncodings = 0;
			knownRegions = (
				en,
				Base,
			);
			mainGroup = 230BCB2823943A9800911403;
			productRefGroup = 230BCB3223943A9800911403 /* Products */;
			projectDirPath = "";
			projectRoot = "";
			targets = (
				230BCB3023943A9800911403 /* WeatherBar */,
			);
		};
/* End PBXProject section */

/* Begin PBXResourcesBuildPhase section */
		230BCB2F23943A9800911403 /* Resources */ = {
			isa = PBXResourcesBuildPhase;
			buildActionMask = 2147483647;
			files = (
				230BCB3923943A9E00911403 /* Assets.xcassets in Resources */,
				230BCB3C23943A9E00911403 /* Main.storyboard in Resources */,
			);
			runOnlyForDeploymentPostprocessing = 0;
		};
/* End PBXResourcesBuildPhase section */

/* Begin PBXSourcesBuildPhase section */
		230BCB2D23943A9800911403 /* Sources */ = {
			isa = PBXSourcesBuildPhase;
			buildActionMask = 2147483647;
			files = (
				23AD6B9323C37274000A6813 /* Weather.swift in Sources */,
				2313C59423BF7E4D005BDACA /* DarkSkyError.swift in Sources */,
				23E7871B23CF80E300D59620 /* SettingsViewController.swift in Sources */,
				230BCB3723943A9800911403 /* CurrentViewController.swift in Sources */,
				230BCB3523943A9800911403 /* AppDelegate.swift in Sources */,
				232C9AAB2396B14300AF2E55 /* Location.swift in Sources */,
				23A69DCA2395B930001B80B7 /* CurrentWeatherViewModel.swift in Sources */,
				23A69DC82395B79C001B80B7 /* WeatherData.swift in Sources */,
				23E7871923CF80DC00D59620 /* ForecastViewController.swift in Sources */,
				232C9AA723960C8D00AF2E55 /* DarkSkyClient.swift in Sources */,
				23E7871723CF80CB00D59620 /* TabViewController.swift in Sources */,
			);
			runOnlyForDeploymentPostprocessing = 0;
		};
/* End PBXSourcesBuildPhase section */

/* Begin PBXVariantGroup section */
		230BCB3A23943A9E00911403 /* Main.storyboard */ = {
			isa = PBXVariantGroup;
			children = (
				230BCB3B23943A9E00911403 /* Base */,
			);
			name = Main.storyboard;
			sourceTree = "<group>";
		};
/* End PBXVariantGroup section */

/* Begin XCBuildConfiguration section */
		230BCB3F23943A9E00911403 /* Debug */ = {
			isa = XCBuildConfiguration;
			buildSettings = {
				ALWAYS_SEARCH_USER_PATHS = NO;
				CLANG_ANALYZER_NONNULL = YES;
				CLANG_ANALYZER_NUMBER_OBJECT_CONVERSION = YES_AGGRESSIVE;
				CLANG_CXX_LANGUAGE_STANDARD = "gnu++14";
				CLANG_CXX_LIBRARY = "libc++";
				CLANG_ENABLE_MODULES = YES;
				CLANG_ENABLE_OBJC_ARC = YES;
				CLANG_ENABLE_OBJC_WEAK = YES;
				CLANG_WARN_BLOCK_CAPTURE_AUTORELEASING = YES;
				CLANG_WARN_BOOL_CONVERSION = YES;
				CLANG_WARN_COMMA = YES;
				CLANG_WARN_CONSTANT_CONVERSION = YES;
				CLANG_WARN_DEPRECATED_OBJC_IMPLEMENTATIONS = YES;
				CLANG_WARN_DIRECT_OBJC_ISA_USAGE = YES_ERROR;
				CLANG_WARN_DOCUMENTATION_COMMENTS = YES;
				CLANG_WARN_EMPTY_BODY = YES;
				CLANG_WARN_ENUM_CONVERSION = YES;
				CLANG_WARN_INFINITE_RECURSION = YES;
				CLANG_WARN_INT_CONVERSION = YES;
				CLANG_WARN_NON_LITERAL_NULL_CONVERSION = YES;
				CLANG_WARN_OBJC_IMPLICIT_RETAIN_SELF = YES;
				CLANG_WARN_OBJC_LITERAL_CONVERSION = YES;
				CLANG_WARN_OBJC_ROOT_CLASS = YES_ERROR;
				CLANG_WARN_RANGE_LOOP_ANALYSIS = YES;
				CLANG_WARN_STRICT_PROTOTYPES = YES;
				CLANG_WARN_SUSPICIOUS_MOVE = YES;
				CLANG_WARN_UNGUARDED_AVAILABILITY = YES_AGGRESSIVE;
				CLANG_WARN_UNREACHABLE_CODE = YES;
				CLANG_WARN__DUPLICATE_METHOD_MATCH = YES;
				CODE_SIGN_IDENTITY = "Mac Developer: scott@scottlougheed.com (8HG6792G73)";
				COPY_PHASE_STRIP = NO;
				CURRENT_PROJECT_VERSION = 0.0.2;
				DEBUG_INFORMATION_FORMAT = dwarf;
				ENABLE_STRICT_OBJC_MSGSEND = YES;
				ENABLE_TESTABILITY = YES;
				GCC_C_LANGUAGE_STANDARD = gnu11;
				GCC_DYNAMIC_NO_PIC = NO;
				GCC_NO_COMMON_BLOCKS = YES;
				GCC_OPTIMIZATION_LEVEL = 0;
				GCC_PREPROCESSOR_DEFINITIONS = (
					"DEBUG=1",
					"$(inherited)",
				);
				GCC_WARN_64_TO_32_BIT_CONVERSION = YES;
				GCC_WARN_ABOUT_RETURN_TYPE = YES_ERROR;
				GCC_WARN_UNDECLARED_SELECTOR = YES;
				GCC_WARN_UNINITIALIZED_AUTOS = YES_AGGRESSIVE;
				GCC_WARN_UNUSED_FUNCTION = YES;
				GCC_WARN_UNUSED_VARIABLE = YES;
				MACOSX_DEPLOYMENT_TARGET = 10.15;
				MTL_ENABLE_DEBUG_INFO = INCLUDE_SOURCE;
				MTL_FAST_MATH = YES;
				ONLY_ACTIVE_ARCH = YES;
				SDKROOT = macosx;
				SWIFT_ACTIVE_COMPILATION_CONDITIONS = DEBUG;
				SWIFT_OPTIMIZATION_LEVEL = "-Onone";
				VERSIONING_SYSTEM = "apple-generic";
			};
			name = Debug;
		};
		230BCB4023943A9E00911403 /* Release */ = {
			isa = XCBuildConfiguration;
			buildSettings = {
				ALWAYS_SEARCH_USER_PATHS = NO;
				CLANG_ANALYZER_NONNULL = YES;
				CLANG_ANALYZER_NUMBER_OBJECT_CONVERSION = YES_AGGRESSIVE;
				CLANG_CXX_LANGUAGE_STANDARD = "gnu++14";
				CLANG_CXX_LIBRARY = "libc++";
				CLANG_ENABLE_MODULES = YES;
				CLANG_ENABLE_OBJC_ARC = YES;
				CLANG_ENABLE_OBJC_WEAK = YES;
				CLANG_WARN_BLOCK_CAPTURE_AUTORELEASING = YES;
				CLANG_WARN_BOOL_CONVERSION = YES;
				CLANG_WARN_COMMA = YES;
				CLANG_WARN_CONSTANT_CONVERSION = YES;
				CLANG_WARN_DEPRECATED_OBJC_IMPLEMENTATIONS = YES;
				CLANG_WARN_DIRECT_OBJC_ISA_USAGE = YES_ERROR;
				CLANG_WARN_DOCUMENTATION_COMMENTS = YES;
				CLANG_WARN_EMPTY_BODY = YES;
				CLANG_WARN_ENUM_CONVERSION = YES;
				CLANG_WARN_INFINITE_RECURSION = YES;
				CLANG_WARN_INT_CONVERSION = YES;
				CLANG_WARN_NON_LITERAL_NULL_CONVERSION = YES;
				CLANG_WARN_OBJC_IMPLICIT_RETAIN_SELF = YES;
				CLANG_WARN_OBJC_LITERAL_CONVERSION = YES;
				CLANG_WARN_OBJC_ROOT_CLASS = YES_ERROR;
				CLANG_WARN_RANGE_LOOP_ANALYSIS = YES;
				CLANG_WARN_STRICT_PROTOTYPES = YES;
				CLANG_WARN_SUSPICIOUS_MOVE = YES;
				CLANG_WARN_UNGUARDED_AVAILABILITY = YES_AGGRESSIVE;
				CLANG_WARN_UNREACHABLE_CODE = YES;
				CLANG_WARN__DUPLICATE_METHOD_MATCH = YES;
				CODE_SIGN_IDENTITY = "Mac Developer: scott@scottlougheed.com (8HG6792G73)";
				COPY_PHASE_STRIP = NO;
				DEBUG_INFORMATION_FORMAT = "dwarf-with-dsym";
				ENABLE_NS_ASSERTIONS = NO;
				ENABLE_STRICT_OBJC_MSGSEND = YES;
				GCC_C_LANGUAGE_STANDARD = gnu11;
				GCC_NO_COMMON_BLOCKS = YES;
				GCC_WARN_64_TO_32_BIT_CONVERSION = YES;
				GCC_WARN_ABOUT_RETURN_TYPE = YES_ERROR;
				GCC_WARN_UNDECLARED_SELECTOR = YES;
				GCC_WARN_UNINITIALIZED_AUTOS = YES_AGGRESSIVE;
				GCC_WARN_UNUSED_FUNCTION = YES;
				GCC_WARN_UNUSED_VARIABLE = YES;
				MACOSX_DEPLOYMENT_TARGET = 10.15;
				MTL_ENABLE_DEBUG_INFO = NO;
				MTL_FAST_MATH = YES;
				SDKROOT = macosx;
				SWIFT_COMPILATION_MODE = wholemodule;
				SWIFT_OPTIMIZATION_LEVEL = "-O";
				VERSIONING_SYSTEM = "apple-generic";
			};
			name = Release;
		};
		230BCB4223943A9E00911403 /* Debug */ = {
			isa = XCBuildConfiguration;
			buildSettings = {
				ASSETCATALOG_COMPILER_APPICON_NAME = AppIcon;
				CODE_SIGN_ENTITLEMENTS = WeatherBar/WeatherBar.entitlements;
				CODE_SIGN_IDENTITY = "Apple Development";
				CODE_SIGN_STYLE = Automatic;
				COMBINE_HIDPI_IMAGES = YES;
				CURRENT_PROJECT_VERSION = 1;
				DEVELOPMENT_TEAM = T879Q2BE7Q;
				ENABLE_HARDENED_RUNTIME = YES;
				INFOPLIST_FILE = WeatherBar/Info.plist;
				LD_RUNPATH_SEARCH_PATHS = (
					"$(inherited)",
					"@executable_path/../Frameworks",
				);
				MARKETING_VERSION = 0.0.3;
				PRODUCT_BUNDLE_IDENTIFIER = com.scottlougheed.WeatherBar;
				PRODUCT_NAME = "$(TARGET_NAME)";
				SWIFT_VERSION = 5.0;
			};
			name = Debug;
		};
		230BCB4323943A9E00911403 /* Release */ = {
			isa = XCBuildConfiguration;
			buildSettings = {
				ASSETCATALOG_COMPILER_APPICON_NAME = AppIcon;
				CODE_SIGN_ENTITLEMENTS = WeatherBar/WeatherBar.entitlements;
				CODE_SIGN_IDENTITY = "Apple Development";
				CODE_SIGN_STYLE = Automatic;
				COMBINE_HIDPI_IMAGES = YES;
				CURRENT_PROJECT_VERSION = 1;
				DEVELOPMENT_TEAM = T879Q2BE7Q;
				ENABLE_HARDENED_RUNTIME = YES;
				INFOPLIST_FILE = WeatherBar/Info.plist;
				LD_RUNPATH_SEARCH_PATHS = (
					"$(inherited)",
					"@executable_path/../Frameworks",
				);
				MARKETING_VERSION = 0.0.3;
				PRODUCT_BUNDLE_IDENTIFIER = com.scottlougheed.WeatherBar;
				PRODUCT_NAME = "$(TARGET_NAME)";
				SWIFT_VERSION = 5.0;
			};
			name = Release;
		};
/* End XCBuildConfiguration section */

/* Begin XCConfigurationList section */
		230BCB2C23943A9800911403 /* Build configuration list for PBXProject "WeatherBar" */ = {
			isa = XCConfigurationList;
			buildConfigurations = (
				230BCB3F23943A9E00911403 /* Debug */,
				230BCB4023943A9E00911403 /* Release */,
			);
			defaultConfigurationIsVisible = 0;
			defaultConfigurationName = Debug;
		};
		230BCB4123943A9E00911403 /* Build configuration list for PBXNativeTarget "WeatherBar" */ = {
			isa = XCConfigurationList;
			buildConfigurations = (
				230BCB4223943A9E00911403 /* Debug */,
				230BCB4323943A9E00911403 /* Release */,
			);
			defaultConfigurationIsVisible = 0;
			defaultConfigurationName = Debug;
		};
/* End XCConfigurationList section */
	};
	rootObject = 230BCB2923943A9800911403 /* Project object */;
}
